
Microsoft Visual Studio Solution File, Format Version 12.00
# Visual Studio 15
VisualStudioVersion = 15.0.28010.2036
MinimumVisualStudioVersion = 10.0.40219.1
Project("{FAE04EC0-301F-11D3-BF4B-00C04F79EFBC}") = "Selenium2", "Selenium2\Selenium2.csproj", "{CA94DEEB-A5DF-4A0E-AA14-74D21FEDF2F6}"
EndProject
Global
	GlobalSection(SolutionConfigurationPlatforms) = preSolution
		Debug|Any CPU = Debug|Any CPU
		Release|Any CPU = Release|Any CPU
	EndGlobalSection
	GlobalSection(ProjectConfigurationPlatforms) = postSolution
		{CA94DEEB-A5DF-4A0E-AA14-74D21FEDF2F6}.Debug|Any CPU.ActiveCfg = Debug|Any CPU
		{CA94DEEB-A5DF-4A0E-AA14-74D21FEDF2F6}.Debug|Any CPU.Build.0 = Debug|Any CPU
		{CA94DEEB-A5DF-4A0E-AA14-74D21FEDF2F6}.Release|Any CPU.ActiveCfg = Release|Any CPU
		{CA94DEEB-A5DF-4A0E-AA14-74D21FEDF2F6}.Release|Any CPU.Build.0 = Release|Any CPU
	EndGlobalSection
	GlobalSection(SolutionProperties) = preSolution
		HideSolutionNode = FALSE
	EndGlobalSection
	GlobalSection(ExtensibilityGlobals) = postSolution
		SolutionGuid = {49F1ED08-E0A7-487E-8630-961CE1AAADA4}
	EndGlobalSection
EndGlobal
